
Microsoft Visual Studio Solution File, Format Version 12.00
# Visual Studio Version 16
VisualStudioVersion = 16.0.30717.126
MinimumVisualStudioVersion = 10.0.40219.1
Project("{FAE04EC0-301F-11D3-BF4B-00C04F79EFBC}") = "BasicPrograms", "BasicPrograms\BasicPrograms.csproj", "{2ED04479-A581-4C4A-BDCC-AFA9E55B044F}"
EndProject
Global
	GlobalSection(SolutionConfigurationPlatforms) = preSolution
		Debug|Any CPU = Debug|Any CPU
		Release|Any CPU = Release|Any CPU
	EndGlobalSection
	GlobalSection(ProjectConfigurationPlatforms) = postSolution
		{2ED04479-A581-4C4A-BDCC-AFA9E55B044F}.Debug|Any CPU.ActiveCfg = Debug|Any CPU
		{2ED04479-A581-4C4A-BDCC-AFA9E55B044F}.Debug|Any CPU.Build.0 = Debug|Any CPU
		{2ED04479-A581-4C4A-BDCC-AFA9E55B044F}.Release|Any CPU.ActiveCfg = Release|Any CPU
		{2ED04479-A581-4C4A-BDCC-AFA9E55B044F}.Release|Any CPU.Build.0 = Release|Any CPU
	EndGlobalSection
	GlobalSection(SolutionProperties) = preSolution
		HideSolutionNode = FALSE
	EndGlobalSection
	GlobalSection(ExtensibilityGlobals) = postSolution
		SolutionGuid = {A263504B-3BE1-4C95-99F9-C9C7E090BA2E}
	EndGlobalSection
EndGlobal
